
Microsoft Visual Studio Solution File, Format Version 12.00
# Visual Studio Version 17
VisualStudioVersion = 17.0.31903.59
MinimumVisualStudioVersion = 10.0.40219.1
Project("{FAE04EC0-301F-11D3-BF4B-00C04F79EFBC}") = "Routers", "Routers\Routers.csproj", "{8D540053-1A4F-43A7-9888-D3E00203C4BE}"
EndProject
Project("{FAE04EC0-301F-11D3-BF4B-00C04F79EFBC}") = "Routers.Tests", "Routers.Tests\Routers.Tests.csproj", "{0BFE6DFE-03D2-47A6-AE81-1DD88727EA28}"
EndProject
Global
	GlobalSection(SolutionConfigurationPlatforms) = preSolution
		Debug|Any CPU = Debug|Any CPU
		Release|Any CPU = Release|Any CPU
	EndGlobalSection
	GlobalSection(SolutionProperties) = preSolution
		HideSolutionNode = FALSE
	EndGlobalSection
	GlobalSection(ProjectConfigurationPlatforms) = postSolution
		{8D540053-1A4F-43A7-9888-D3E00203C4BE}.Debug|Any CPU.ActiveCfg = Debug|Any CPU
		{8D540053-1A4F-43A7-9888-D3E00203C4BE}.Debug|Any CPU.Build.0 = Debug|Any CPU
		{8D540053-1A4F-43A7-9888-D3E00203C4BE}.Release|Any CPU.ActiveCfg = Release|Any CPU
		{8D540053-1A4F-43A7-9888-D3E00203C4BE}.Release|Any CPU.Build.0 = Release|Any CPU
		{0BFE6DFE-03D2-47A6-AE81-1DD88727EA28}.Debug|Any CPU.ActiveCfg = Debug|Any CPU
		{0BFE6DFE-03D2-47A6-AE81-1DD88727EA28}.Debug|Any CPU.Build.0 = Debug|Any CPU
		{0BFE6DFE-03D2-47A6-AE81-1DD88727EA28}.Release|Any CPU.ActiveCfg = Release|Any CPU
		{0BFE6DFE-03D2-47A6-AE81-1DD88727EA28}.Release|Any CPU.Build.0 = Release|Any CPU
	EndGlobalSection
EndGlobal
